// !$*UTF8*$!
{
	archiveVersion = 1;
	classes = {
	};
	objectVersion = 56;
	objects = {

/* Begin PBXBuildFile section */
		5E6ACFFB2AFC9856007CF647 /* AppDelegate.swift in Sources */ = {isa = PBXBuildFile; fileRef = 5E6ACFFA2AFC9856007CF647 /* AppDelegate.swift */; };
		5E6ACFFD2AFC9856007CF647 /* SceneDelegate.swift in Sources */ = {isa = PBXBuildFile; fileRef = 5E6ACFFC2AFC9856007CF647 /* SceneDelegate.swift */; };
		5E6ACFFF2AFC9856007CF647 /* ViewController.swift in Sources */ = {isa = PBXBuildFile; fileRef = 5E6ACFFE2AFC9856007CF647 /* ViewController.swift */; };
		5E6AD0042AFC9857007CF647 /* Assets.xcassets in Resources */ = {isa = PBXBuildFile; fileRef = 5E6AD0032AFC9857007CF647 /* Assets.xcassets */; };
		5E6AD0072AFC9857007CF647 /* LaunchScreen.storyboard in Resources */ = {isa = PBXBuildFile; fileRef = 5E6AD0052AFC9857007CF647 /* LaunchScreen.storyboard */; };
		5E6AD0122AFC9857007CF647 /* StagingTests.swift in Sources */ = {isa = PBXBuildFile; fileRef = 5E6AD0112AFC9857007CF647 /* StagingTests.swift */; };
		5E6AD01C2AFC9857007CF647 /* StagingUITests.swift in Sources */ = {isa = PBXBuildFile; fileRef = 5E6AD01B2AFC9857007CF647 /* StagingUITests.swift */; };
		5E6AD01E2AFC9857007CF647 /* StagingUITestsLaunchTests.swift in Sources */ = {isa = PBXBuildFile; fileRef = 5E6AD01D2AFC9857007CF647 /* StagingUITestsLaunchTests.swift */; };
/* End PBXBuildFile section */

/* Begin PBXContainerItemProxy section */
		5E6AD00E2AFC9857007CF647 /* PBXContainerItemProxy */ = {
			isa = PBXContainerItemProxy;
			containerPortal = 5E6ACFEF2AFC9856007CF647 /* Project object */;
			proxyType = 1;
			remoteGlobalIDString = 5E6ACFF62AFC9856007CF647;
			remoteInfo = Staging;
		};
		5E6AD0182AFC9857007CF647 /* PBXContainerItemProxy */ = {
			isa = PBXContainerItemProxy;
			containerPortal = 5E6ACFEF2AFC9856007CF647 /* Project object */;
			proxyType = 1;
			remoteGlobalIDString = 5E6ACFF62AFC9856007CF647;
			remoteInfo = Staging;
		};
/* End PBXContainerItemProxy section */

/* Begin PBXFileReference section */
		5E6ACFF72AFC9856007CF647 /* Staging.app */ = {isa = PBXFileReference; explicitFileType = wrapper.application; includeInIndex = 0; path = Staging.app; sourceTree = BUILT_PRODUCTS_DIR; };
		5E6ACFFA2AFC9856007CF647 /* AppDelegate.swift */ = {isa = PBXFileReference; lastKnownFileType = sourcecode.swift; path = AppDelegate.swift; sourceTree = "<group>"; };
		5E6ACFFC2AFC9856007CF647 /* SceneDelegate.swift */ = {isa = PBXFileReference; lastKnownFileType = sourcecode.swift; path = SceneDelegate.swift; sourceTree = "<group>"; };
		5E6ACFFE2AFC9856007CF647 /* ViewController.swift */ = {isa = PBXFileReference; lastKnownFileType = sourcecode.swift; path = ViewController.swift; sourceTree = "<group>"; };
		5E6AD0032AFC9857007CF647 /* Assets.xcassets */ = {isa = PBXFileReference; lastKnownFileType = folder.assetcatalog; path = Assets.xcassets; sourceTree = "<group>"; };
		5E6AD0062AFC9857007CF647 /* Base */ = {isa = PBXFileReference; lastKnownFileType = file.storyboard; name = Base; path = Base.lproj/LaunchScreen.storyboard; sourceTree = "<group>"; };
		5E6AD0082AFC9857007CF647 /* Info.plist */ = {isa = PBXFileReference; lastKnownFileType = text.plist.xml; path = Info.plist; sourceTree = "<group>"; };
		5E6AD00D2AFC9857007CF647 /* StagingTests.xctest */ = {isa = PBXFileReference; explicitFileType = wrapper.cfbundle; includeInIndex = 0; path = StagingTests.xctest; sourceTree = BUILT_PRODUCTS_DIR; };
		5E6AD0112AFC9857007CF647 /* StagingTests.swift */ = {isa = PBXFileReference; lastKnownFileType = sourcecode.swift; path = StagingTests.swift; sourceTree = "<group>"; };
		5E6AD0172AFC9857007CF647 /* StagingUITests.xctest */ = {isa = PBXFileReference; explicitFileType = wrapper.cfbundle; includeInIndex = 0; path = StagingUITests.xctest; sourceTree = BUILT_PRODUCTS_DIR; };
		5E6AD01B2AFC9857007CF647 /* StagingUITests.swift */ = {isa = PBXFileReference; lastKnownFileType = sourcecode.swift; path = StagingUITests.swift; sourceTree = "<group>"; };
		5E6AD01D2AFC9857007CF647 /* StagingUITestsLaunchTests.swift */ = {isa = PBXFileReference; lastKnownFileType = sourcecode.swift; path = StagingUITestsLaunchTests.swift; sourceTree = "<group>"; };
/* End PBXFileReference section */

/* Begin PBXFrameworksBuildPhase section */
		5E6ACFF42AFC9856007CF647 /* Frameworks */ = {
			isa = PBXFrameworksBuildPhase;
			buildActionMask = 2147483647;
			files = (
			);
			runOnlyForDeploymentPostprocessing = 0;
		};
		5E6AD00A2AFC9857007CF647 /* Frameworks */ = {
			isa = PBXFrameworksBuildPhase;
			buildActionMask = 2147483647;
			files = (
			);
			runOnlyForDeploymentPostprocessing = 0;
		};
		5E6AD0142AFC9857007CF647 /* Frameworks */ = {
			isa = PBXFrameworksBuildPhase;
			buildActionMask = 2147483647;
			files = (
			);
			runOnlyForDeploymentPostprocessing = 0;
		};
/* End PBXFrameworksBuildPhase section */

/* Begin PBXGroup section */
		5E6ACFEE2AFC9856007CF647 = {
			isa = PBXGroup;
			children = (
				5E6ACFF92AFC9856007CF647 /* Staging */,
				5E6AD0102AFC9857007CF647 /* StagingTests */,
				5E6AD01A2AFC9857007CF647 /* StagingUITests */,
				5E6ACFF82AFC9856007CF647 /* Products */,
			);
			sourceTree = "<group>";
		};
		5E6ACFF82AFC9856007CF647 /* Products */ = {
			isa = PBXGroup;
			children = (
				5E6ACFF72AFC9856007CF647 /* Staging.app */,
				5E6AD00D2AFC9857007CF647 /* StagingTests.xctest */,
				5E6AD0172AFC9857007CF647 /* StagingUITests.xctest */,
			);
			name = Products;
			sourceTree = "<group>";
		};
		5E6ACFF92AFC9856007CF647 /* Staging */ = {
			isa = PBXGroup;
			children = (
				5E6ACFFA2AFC9856007CF647 /* AppDelegate.swift */,
				5E6ACFFC2AFC9856007CF647 /* SceneDelegate.swift */,
				5E6ACFFE2AFC9856007CF647 /* ViewController.swift */,
				5E6AD0032AFC9857007CF647 /* Assets.xcassets */,
				5E6AD0052AFC9857007CF647 /* LaunchScreen.storyboard */,
				5E6AD0082AFC9857007CF647 /* Info.plist */,
			);
			path = Staging;
			sourceTree = "<group>";
		};
		5E6AD0102AFC9857007CF647 /* StagingTests */ = {
			isa = PBXGroup;
			children = (
				5E6AD0112AFC9857007CF647 /* StagingTests.swift */,
			);
			path = StagingTests;
			sourceTree = "<group>";
		};
		5E6AD01A2AFC9857007CF647 /* StagingUITests */ = {
			isa = PBXGroup;
			children = (
				5E6AD01B2AFC9857007CF647 /* StagingUITests.swift */,
				5E6AD01D2AFC9857007CF647 /* StagingUITestsLaunchTests.swift */,
			);
			path = StagingUITests;
			sourceTree = "<group>";
		};
/* End PBXGroup section */

/* Begin PBXNativeTarget section */
		5E6ACFF62AFC9856007CF647 /* Staging */ = {
			isa = PBXNativeTarget;
			buildConfigurationList = 5E6AD0212AFC9857007CF647 /* Build configuration list for PBXNativeTarget "Staging" */;
			buildPhases = (
				5E6ACFF32AFC9856007CF647 /* Sources */,
				5E6ACFF42AFC9856007CF647 /* Frameworks */,
				5E6ACFF52AFC9856007CF647 /* Resources */,
			);
			buildRules = (
			);
			dependencies = (
			);
			name = Staging;
			productName = Staging;
			productReference = 5E6ACFF72AFC9856007CF647 /* Staging.app */;
			productType = "com.apple.product-type.application";
		};
		5E6AD00C2AFC9857007CF647 /* StagingTests */ = {
			isa = PBXNativeTarget;
			buildConfigurationList = 5E6AD0242AFC9857007CF647 /* Build configuration list for PBXNativeTarget "StagingTests" */;
			buildPhases = (
				5E6AD0092AFC9857007CF647 /* Sources */,
				5E6AD00A2AFC9857007CF647 /* Frameworks */,
				5E6AD00B2AFC9857007CF647 /* Resources */,
			);
			buildRules = (
			);
			dependencies = (
				5E6AD00F2AFC9857007CF647 /* PBXTargetDependency */,
			);
			name = StagingTests;
			productName = StagingTests;
			productReference = 5E6AD00D2AFC9857007CF647 /* StagingTests.xctest */;
			productType = "com.apple.product-type.bundle.unit-test";
		};
		5E6AD0162AFC9857007CF647 /* StagingUITests */ = {
			isa = PBXNativeTarget;
			buildConfigurationList = 5E6AD0272AFC9857007CF647 /* Build configuration list for PBXNativeTarget "StagingUITests" */;
			buildPhases = (
				5E6AD0132AFC9857007CF647 /* Sources */,
				5E6AD0142AFC9857007CF647 /* Frameworks */,
				5E6AD0152AFC9857007CF647 /* Resources */,
			);
			buildRules = (
			);
			dependencies = (
				5E6AD0192AFC9857007CF647 /* PBXTargetDependency */,
			);
			name = StagingUITests;
			productName = StagingUITests;
			productReference = 5E6AD0172AFC9857007CF647 /* StagingUITests.xctest */;
			productType = "com.apple.product-type.bundle.ui-testing";
		};
/* End PBXNativeTarget section */

/* Begin PBXProject section */
		5E6ACFEF2AFC9856007CF647 /* Project object */ = {
			isa = PBXProject;
			attributes = {
				BuildIndependentTargetsInParallel = 1;
				LastSwiftUpdateCheck = 1500;
				LastUpgradeCheck = 1500;
				TargetAttributes = {
					5E6ACFF62AFC9856007CF647 = {
						CreatedOnToolsVersion = 15.0.1;
					};
					5E6AD00C2AFC9857007CF647 = {
						CreatedOnToolsVersion = 15.0.1;
						TestTargetID = 5E6ACFF62AFC9856007CF647;
					};
					5E6AD0162AFC9857007CF647 = {
						CreatedOnToolsVersion = 15.0.1;
						TestTargetID = 5E6ACFF62AFC9856007CF647;
					};
				};
			};
			buildConfigurationList = 5E6ACFF22AFC9856007CF647 /* Build configuration list for PBXProject "Staging" */;
			compatibilityVersion = "Xcode 14.0";
			developmentRegion = en;
			hasScannedForEncodings = 0;
			knownRegions = (
				en,
				Base,
			);
			mainGroup = 5E6ACFEE2AFC9856007CF647;
			productRefGroup = 5E6ACFF82AFC9856007CF647 /* Products */;
			projectDirPath = "";
			projectRoot = "";
			targets = (
				5E6ACFF62AFC9856007CF647 /* Staging */,
				5E6AD00C2AFC9857007CF647 /* StagingTests */,
				5E6AD0162AFC9857007CF647 /* StagingUITests */,
			);
		};
/* End PBXProject section */

/* Begin PBXResourcesBuildPhase section */
		5E6ACFF52AFC9856007CF647 /* Resources */ = {
			isa = PBXResourcesBuildPhase;
			buildActionMask = 2147483647;
			files = (
				5E6AD0072AFC9857007CF647 /* LaunchScreen.storyboard in Resources */,
				5E6AD0042AFC9857007CF647 /* Assets.xcassets in Resources */,
			);
			runOnlyForDeploymentPostprocessing = 0;
		};
		5E6AD00B2AFC9857007CF647 /* Resources */ = {
			isa = PBXResourcesBuildPhase;
			buildActionMask = 2147483647;
			files = (
			);
			runOnlyForDeploymentPostprocessing = 0;
		};
		5E6AD0152AFC9857007CF647 /* Resources */ = {
			isa = PBXResourcesBuildPhase;
			buildActionMask = 2147483647;
			files = (
			);
			runOnlyForDeploymentPostprocessing = 0;
		};
/* End PBXResourcesBuildPhase section */

/* Begin PBXSourcesBuildPhase section */
		5E6ACFF32AFC9856007CF647 /* Sources */ = {
			isa = PBXSourcesBuildPhase;
			buildActionMask = 2147483647;
			files = (
				5E6ACFFF2AFC9856007CF647 /* ViewController.swift in Sources */,
				5E6ACFFB2AFC9856007CF647 /* AppDelegate.swift in Sources */,
				5E6ACFFD2AFC9856007CF647 /* SceneDelegate.swift in Sources */,
			);
			runOnlyForDeploymentPostprocessing = 0;
		};
		5E6AD0092AFC9857007CF647 /* Sources */ = {
			isa = PBXSourcesBuildPhase;
			buildActionMask = 2147483647;
			files = (
				5E6AD0122AFC9857007CF647 /* StagingTests.swift in Sources */,
			);
			runOnlyForDeploymentPostprocessing = 0;
		};
		5E6AD0132AFC9857007CF647 /* Sources */ = {
			isa = PBXSourcesBuildPhase;
			buildActionMask = 2147483647;
			files = (
				5E6AD01E2AFC9857007CF647 /* StagingUITestsLaunchTests.swift in Sources */,
				5E6AD01C2AFC9857007CF647 /* StagingUITests.swift in Sources */,
			);
			runOnlyForDeploymentPostprocessing = 0;
		};
/* End PBXSourcesBuildPhase section */

/* Begin PBXTargetDependency section */
		5E6AD00F2AFC9857007CF647 /* PBXTargetDependency */ = {
			isa = PBXTargetDependency;
			target = 5E6ACFF62AFC9856007CF647 /* Staging */;
			targetProxy = 5E6AD00E2AFC9857007CF647 /* PBXContainerItemProxy */;
		};
		5E6AD0192AFC9857007CF647 /* PBXTargetDependency */ = {
			isa = PBXTargetDependency;
			target = 5E6ACFF62AFC9856007CF647 /* Staging */;
			targetProxy = 5E6AD0182AFC9857007CF647 /* PBXContainerItemProxy */;
		};
/* End PBXTargetDependency section */

/* Begin PBXVariantGroup section */
		5E6AD0052AFC9857007CF647 /* LaunchScreen.storyboard */ = {
			isa = PBXVariantGroup;
			children = (
				5E6AD0062AFC9857007CF647 /* Base */,
			);
			name = LaunchScreen.storyboard;
			sourceTree = "<group>";
		};
/* End PBXVariantGroup section */

/* Begin XCBuildConfiguration section */
		5E6AD01F2AFC9857007CF647 /* Debug */ = {
			isa = XCBuildConfiguration;
			buildSettings = {
				ALWAYS_SEARCH_USER_PATHS = NO;
				ASSETCATALOG_COMPILER_GENERATE_SWIFT_ASSET_SYMBOL_EXTENSIONS = YES;
				CLANG_ANALYZER_NONNULL = YES;
				CLANG_ANALYZER_NUMBER_OBJECT_CONVERSION = YES_AGGRESSIVE;
				CLANG_CXX_LANGUAGE_STANDARD = "gnu++20";
				CLANG_ENABLE_MODULES = YES;
				CLANG_ENABLE_OBJC_ARC = YES;
				CLANG_ENABLE_OBJC_WEAK = YES;
				CLANG_WARN_BLOCK_CAPTURE_AUTORELEASING = YES;
				CLANG_WARN_BOOL_CONVERSION = YES;
				CLANG_WARN_COMMA = YES;
				CLANG_WARN_CONSTANT_CONVERSION = YES;
				CLANG_WARN_DEPRECATED_OBJC_IMPLEMENTATIONS = YES;
				CLANG_WARN_DIRECT_OBJC_ISA_USAGE = YES_ERROR;
				CLANG_WARN_DOCUMENTATION_COMMENTS = YES;
				CLANG_WARN_EMPTY_BODY = YES;
				CLANG_WARN_ENUM_CONVERSION = YES;
				CLANG_WARN_INFINITE_RECURSION = YES;
				CLANG_WARN_INT_CONVERSION = YES;
				CLANG_WARN_NON_LITERAL_NULL_CONVERSION = YES;
				CLANG_WARN_OBJC_IMPLICIT_RETAIN_SELF = YES;
				CLANG_WARN_OBJC_LITERAL_CONVERSION = YES;
				CLANG_WARN_OBJC_ROOT_CLASS = YES_ERROR;
				CLANG_WARN_QUOTED_INCLUDE_IN_FRAMEWORK_HEADER = YES;
				CLANG_WARN_RANGE_LOOP_ANALYSIS = YES;
				CLANG_WARN_STRICT_PROTOTYPES = YES;
				CLANG_WARN_SUSPICIOUS_MOVE = YES;
				CLANG_WARN_UNGUARDED_AVAILABILITY = YES_AGGRESSIVE;
				CLANG_WARN_UNREACHABLE_CODE = YES;
				CLANG_WARN__DUPLICATE_METHOD_MATCH = YES;
				COPY_PHASE_STRIP = NO;
				DEBUG_INFORMATION_FORMAT = dwarf;
				ENABLE_STRICT_OBJC_MSGSEND = YES;
				ENABLE_TESTABILITY = YES;
				ENABLE_USER_SCRIPT_SANDBOXING = YES;
				GCC_C_LANGUAGE_STANDARD = gnu17;
				GCC_DYNAMIC_NO_PIC = NO;
				GCC_NO_COMMON_BLOCKS = YES;
				GCC_OPTIMIZATION_LEVEL = 0;
				GCC_PREPROCESSOR_DEFINITIONS = (
					"DEBUG=1",
					"$(inherited)",
				);
				GCC_WARN_64_TO_32_BIT_CONVERSION = YES;
				GCC_WARN_ABOUT_RETURN_TYPE = YES_ERROR;
				GCC_WARN_UNDECLARED_SELECTOR = YES;
				GCC_WARN_UNINITIALIZED_AUTOS = YES_AGGRESSIVE;
				GCC_WARN_UNUSED_FUNCTION = YES;
				GCC_WARN_UNUSED_VARIABLE = YES;
				IPHONEOS_DEPLOYMENT_TARGET = 17.0;
				LOCALIZATION_PREFERS_STRING_CATALOGS = YES;
				MTL_ENABLE_DEBUG_INFO = INCLUDE_SOURCE;
				MTL_FAST_MATH = YES;
				ONLY_ACTIVE_ARCH = YES;
				SDKROOT = iphoneos;
				SWIFT_ACTIVE_COMPILATION_CONDITIONS = "DEBUG $(inherited)";
				SWIFT_OPTIMIZATION_LEVEL = "-Onone";
			};
			name = Debug;
		};
		5E6AD0202AFC9857007CF647 /* Release */ = {
			isa = XCBuildConfiguration;
			buildSettings = {
				ALWAYS_SEARCH_USER_PATHS = NO;
				ASSETCATALOG_COMPILER_GENERATE_SWIFT_ASSET_SYMBOL_EXTENSIONS = YES;
				CLANG_ANALYZER_NONNULL = YES;
				CLANG_ANALYZER_NUMBER_OBJECT_CONVERSION = YES_AGGRESSIVE;
				CLANG_CXX_LANGUAGE_STANDARD = "gnu++20";
				CLANG_ENABLE_MODULES = YES;
				CLANG_ENABLE_OBJC_ARC = YES;
				CLANG_ENABLE_OBJC_WEAK = YES;
				CLANG_WARN_BLOCK_CAPTURE_AUTORELEASING = YES;
				CLANG_WARN_BOOL_CONVERSION = YES;
				CLANG_WARN_COMMA = YES;
				CLANG_WARN_CONSTANT_CONVERSION = YES;
				CLANG_WARN_DEPRECATED_OBJC_IMPLEMENTATIONS = YES;
				CLANG_WARN_DIRECT_OBJC_ISA_USAGE = YES_ERROR;
				CLANG_WARN_DOCUMENTATION_COMMENTS = YES;
				CLANG_WARN_EMPTY_BODY = YES;
				CLANG_WARN_ENUM_CONVERSION = YES;
				CLANG_WARN_INFINITE_RECURSION = YES;
				CLANG_WARN_INT_CONVERSION = YES;
				CLANG_WARN_NON_LITERAL_NULL_CONVERSION = YES;
				CLANG_WARN_OBJC_IMPLICIT_RETAIN_SELF = YES;
				CLANG_WARN_OBJC_LITERAL_CONVERSION = YES;
				CLANG_WARN_OBJC_ROOT_CLASS = YES_ERROR;
				CLANG_WARN_QUOTED_INCLUDE_IN_FRAMEWORK_HEADER = YES;
				CLANG_WARN_RANGE_LOOP_ANALYSIS = YES;
				CLANG_WARN_STRICT_PROTOTYPES = YES;
				CLANG_WARN_SUSPICIOUS_MOVE = YES;
				CLANG_WARN_UNGUARDED_AVAILABILITY = YES_AGGRESSIVE;
				CLANG_WARN_UNREACHABLE_CODE = YES;
				CLANG_WARN__DUPLICATE_METHOD_MATCH = YES;
				COPY_PHASE_STRIP = NO;
				DEBUG_INFORMATION_FORMAT = "dwarf-with-dsym";
				ENABLE_NS_ASSERTIONS = NO;
				ENABLE_STRICT_OBJC_MSGSEND = YES;
				ENABLE_USER_SCRIPT_SANDBOXING = YES;
				GCC_C_LANGUAGE_STANDARD = gnu17;
				GCC_NO_COMMON_BLOCKS = YES;
				GCC_WARN_64_TO_32_BIT_CONVERSION = YES;
				GCC_WARN_ABOUT_RETURN_TYPE = YES_ERROR;
				GCC_WARN_UNDECLARED_SELECTOR = YES;
				GCC_WARN_UNINITIALIZED_AUTOS = YES_AGGRESSIVE;
				GCC_WARN_UNUSED_FUNCTION = YES;
				GCC_WARN_UNUSED_VARIABLE = YES;
				IPHONEOS_DEPLOYMENT_TARGET = 17.0;
				LOCALIZATION_PREFERS_STRING_CATALOGS = YES;
				MTL_ENABLE_DEBUG_INFO = NO;
				MTL_FAST_MATH = YES;
				SDKROOT = iphoneos;
				SWIFT_COMPILATION_MODE = wholemodule;
				VALIDATE_PRODUCT = YES;
			};
			name = Release;
		};
		5E6AD0222AFC9857007CF647 /* Debug */ = {
			isa = XCBuildConfiguration;
			buildSettings = {
				ASSETCATALOG_COMPILER_APPICON_NAME = AppIcon;
				ASSETCATALOG_COMPILER_GLOBAL_ACCENT_COLOR_NAME = AccentColor;
				CODE_SIGN_STYLE = Automatic;
				CURRENT_PROJECT_VERSION = 1;
				DEVELOPMENT_TEAM = R93U8YH7X4;
				GENERATE_INFOPLIST_FILE = YES;
				INFOPLIST_FILE = Staging/Info.plist;
				INFOPLIST_KEY_UIApplicationSupportsIndirectInputEvents = YES;
				INFOPLIST_KEY_UILaunchStoryboardName = LaunchScreen;
				INFOPLIST_KEY_UISupportedInterfaceOrientations_iPad = "UIInterfaceOrientationPortrait UIInterfaceOrientationPortraitUpsideDown UIInterfaceOrientationLandscapeLeft UIInterfaceOrientationLandscapeRight";
				INFOPLIST_KEY_UISupportedInterfaceOrientations_iPhone = "UIInterfaceOrientationPortrait UIInterfaceOrientationLandscapeLeft UIInterfaceOrientationLandscapeRight";
				LD_RUNPATH_SEARCH_PATHS = (
					"$(inherited)",
					"@executable_path/Frameworks",
				);
				MARKETING_VERSION = 1.0;
				PRODUCT_BUNDLE_IDENTIFIER = jp.yudaiasano.Staging;
				PRODUCT_NAME = "$(TARGET_NAME)";
				SWIFT_EMIT_LOC_STRINGS = YES;
				SWIFT_VERSION = 5.0;
				TARGETED_DEVICE_FAMILY = "1,2";
			};
			name = Debug;
		};
		5E6AD0232AFC9857007CF647 /* Release */ = {
			isa = XCBuildConfiguration;
			buildSettings = {
				ASSETCATALOG_COMPILER_APPICON_NAME = AppIcon;
				ASSETCATALOG_COMPILER_GLOBAL_ACCENT_COLOR_NAME = AccentColor;
				CODE_SIGN_STYLE = Automatic;
				CURRENT_PROJECT_VERSION = 1;
				DEVELOPMENT_TEAM = R93U8YH7X4;
				GENERATE_INFOPLIST_FILE = YES;
				INFOPLIST_FILE = Staging/Info.plist;
				INFOPLIST_KEY_UIApplicationSupportsIndirectInputEvents = YES;
				INFOPLIST_KEY_UILaunchStoryboardName = LaunchScreen;
				INFOPLIST_KEY_UISupportedInterfaceOrientations_iPad = "UIInterfaceOrientationPortrait UIInterfaceOrientationPortraitUpsideDown UIInterfaceOrientationLandscapeLeft UIInterfaceOrientationLandscapeRight";
				INFOPLIST_KEY_UISupportedInterfaceOrientations_iPhone = "UIInterfaceOrientationPortrait UIInterfaceOrientationLandscapeLeft UIInterfaceOrientationLandscapeRight";
				LD_RUNPATH_SEARCH_PATHS = (
					"$(inherited)",
					"@executable_path/Frameworks",
				);
				MARKETING_VERSION = 1.0;
				PRODUCT_BUNDLE_IDENTIFIER = jp.yudaiasano.Staging;
				PRODUCT_NAME = "$(TARGET_NAME)";
				SWIFT_EMIT_LOC_STRINGS = YES;
				SWIFT_VERSION = 5.0;
				TARGETED_DEVICE_FAMILY = "1,2";
			};
			name = Release;
		};
		5E6AD0252AFC9857007CF647 /* Debug */ = {
			isa = XCBuildConfiguration;
			buildSettings = {
				ALWAYS_EMBED_SWIFT_STANDARD_LIBRARIES = YES;
				BUNDLE_LOADER = "$(TEST_HOST)";
				CODE_SIGN_STYLE = Automatic;
				CURRENT_PROJECT_VERSION = 1;
				DEVELOPMENT_TEAM = R93U8YH7X4;
				GENERATE_INFOPLIST_FILE = YES;
				IPHONEOS_DEPLOYMENT_TARGET = 17.0;
				MARKETING_VERSION = 1.0;
				PRODUCT_BUNDLE_IDENTIFIER = jp.yudaiasano.StagingTests;
				PRODUCT_NAME = "$(TARGET_NAME)";
				SWIFT_EMIT_LOC_STRINGS = NO;
				SWIFT_VERSION = 5.0;
				TARGETED_DEVICE_FAMILY = "1,2";
				TEST_HOST = "$(BUILT_PRODUCTS_DIR)/Staging.app/$(BUNDLE_EXECUTABLE_FOLDER_PATH)/Staging";
			};
			name = Debug;
		};
		5E6AD0262AFC9857007CF647 /* Release */ = {
			isa = XCBuildConfiguration;
			buildSettings = {
				ALWAYS_EMBED_SWIFT_STANDARD_LIBRARIES = YES;
				BUNDLE_LOADER = "$(TEST_HOST)";
				CODE_SIGN_STYLE = Automatic;
				CURRENT_PROJECT_VERSION = 1;
				DEVELOPMENT_TEAM = R93U8YH7X4;
				GENERATE_INFOPLIST_FILE = YES;
				IPHONEOS_DEPLOYMENT_TARGET = 17.0;
				MARKETING_VERSION = 1.0;
				PRODUCT_BUNDLE_IDENTIFIER = jp.yudaiasano.StagingTests;
				PRODUCT_NAME = "$(TARGET_NAME)";
				SWIFT_EMIT_LOC_STRINGS = NO;
				SWIFT_VERSION = 5.0;
				TARGETED_DEVICE_FAMILY = "1,2";
				TEST_HOST = "$(BUILT_PRODUCTS_DIR)/Staging.app/$(BUNDLE_EXECUTABLE_FOLDER_PATH)/Staging";
			};
			name = Release;
		};
		5E6AD0282AFC9857007CF647 /* Debug */ = {
			isa = XCBuildConfiguration;
			buildSettings = {
				ALWAYS_EMBED_SWIFT_STANDARD_LIBRARIES = YES;
				CODE_SIGN_STYLE = Automatic;
				CURRENT_PROJECT_VERSION = 1;
				DEVELOPMENT_TEAM = R93U8YH7X4;
				GENERATE_INFOPLIST_FILE = YES;
				MARKETING_VERSION = 1.0;
				PRODUCT_BUNDLE_IDENTIFIER = jp.yudaiasano.StagingUITests;
				PRODUCT_NAME = "$(TARGET_NAME)";
				SWIFT_EMIT_LOC_STRINGS = NO;
				SWIFT_VERSION = 5.0;
				TARGETED_DEVICE_FAMILY = "1,2";
				TEST_TARGET_NAME = Staging;
			};
			name = Debug;
		};
		5E6AD0292AFC9857007CF647 /* Release */ = {
			isa = XCBuildConfiguration;
			buildSettings = {
				ALWAYS_EMBED_SWIFT_STANDARD_LIBRARIES = YES;
				CODE_SIGN_STYLE = Automatic;
				CURRENT_PROJECT_VERSION = 1;
				DEVELOPMENT_TEAM = R93U8YH7X4;
				GENERATE_INFOPLIST_FILE = YES;
				MARKETING_VERSION = 1.0;
				PRODUCT_BUNDLE_IDENTIFIER = jp.yudaiasano.StagingUITests;
				PRODUCT_NAME = "$(TARGET_NAME)";
				SWIFT_EMIT_LOC_STRINGS = NO;
				SWIFT_VERSION = 5.0;
				TARGETED_DEVICE_FAMILY = "1,2";
				TEST_TARGET_NAME = Staging;
			};
			name = Release;
		};
/* End XCBuildConfiguration section */

/* Begin XCConfigurationList section */
		5E6ACFF22AFC9856007CF647 /* Build configuration list for PBXProject "Staging" */ = {
			isa = XCConfigurationList;
			buildConfigurations = (
				5E6AD01F2AFC9857007CF647 /* Debug */,
				5E6AD0202AFC9857007CF647 /* Release */,
			);
			defaultConfigurationIsVisible = 0;
			defaultConfigurationName = Release;
		};
		5E6AD0212AFC9857007CF647 /* Build configuration list for PBXNativeTarget "Staging" */ = {
			isa = XCConfigurationList;
			buildConfigurations = (
				5E6AD0222AFC9857007CF647 /* Debug */,
				5E6AD0232AFC9857007CF647 /* Release */,
			);
			defaultConfigurationIsVisible = 0;
			defaultConfigurationName = Release;
		};
		5E6AD0242AFC9857007CF647 /* Build configuration list for PBXNativeTarget "StagingTests" */ = {
			isa = XCConfigurationList;
			buildConfigurations = (
				5E6AD0252AFC9857007CF647 /* Debug */,
				5E6AD0262AFC9857007CF647 /* Release */,
			);
			defaultConfigurationIsVisible = 0;
			defaultConfigurationName = Release;
		};
		5E6AD0272AFC9857007CF647 /* Build configuration list for PBXNativeTarget "StagingUITests" */ = {
			isa = XCConfigurationList;
			buildConfigurations = (
				5E6AD0282AFC9857007CF647 /* Debug */,
				5E6AD0292AFC9857007CF647 /* Release */,
			);
			defaultConfigurationIsVisible = 0;
			defaultConfigurationName = Release;
		};
/* End XCConfigurationList section */
	};
	rootObject = 5E6ACFEF2AFC9856007CF647 /* Project object */;
}
